
Microsoft Visual Studio Solution File, Format Version 12.00
# Visual Studio Version 17
VisualStudioVersion = 17.5.33502.453
MinimumVisualStudioVersion = 10.0.40219.1
Project("{FAE04EC0-301F-11D3-BF4B-00C04F79EFBC}") = "AttributeSQLInveonOrnek", "AttributeSQLInveonOrnek\AttributeSQLInveonOrnek.csproj", "{52380F77-EFF0-4C90-B501-191574827661}"
EndProject
Global
	GlobalSection(SolutionConfigurationPlatforms) = preSolution
		Debug|Any CPU = Debug|Any CPU
		Release|Any CPU = Release|Any CPU
	EndGlobalSection
	GlobalSection(ProjectConfigurationPlatforms) = postSolution
		{52380F77-EFF0-4C90-B501-191574827661}.Debug|Any CPU.ActiveCfg = Debug|Any CPU
		{52380F77-EFF0-4C90-B501-191574827661}.Debug|Any CPU.Build.0 = Debug|Any CPU
		{52380F77-EFF0-4C90-B501-191574827661}.Release|Any CPU.ActiveCfg = Release|Any CPU
		{52380F77-EFF0-4C90-B501-191574827661}.Release|Any CPU.Build.0 = Release|Any CPU
	EndGlobalSection
	GlobalSection(SolutionProperties) = preSolution
		HideSolutionNode = FALSE
	EndGlobalSection
	GlobalSection(ExtensibilityGlobals) = postSolution
		SolutionGuid = {294A3521-8E21-4B75-8FCE-175FE5ED8B26}
	EndGlobalSection
EndGlobal
