
Microsoft Visual Studio Solution File, Format Version 12.00
# Visual Studio Version 17
VisualStudioVersion = 17.5.33502.453
MinimumVisualStudioVersion = 10.0.40219.1
Project("{FAE04EC0-301F-11D3-BF4B-00C04F79EFBC}") = "OdemeFormApp", "OdemeFormApp\OdemeFormApp.csproj", "{CFE714B2-E28E-4A45-863E-E9CAC3E21408}"
EndProject
Global
	GlobalSection(SolutionConfigurationPlatforms) = preSolution
		Debug|Any CPU = Debug|Any CPU
		Release|Any CPU = Release|Any CPU
	EndGlobalSection
	GlobalSection(ProjectConfigurationPlatforms) = postSolution
		{CFE714B2-E28E-4A45-863E-E9CAC3E21408}.Debug|Any CPU.ActiveCfg = Debug|Any CPU
		{CFE714B2-E28E-4A45-863E-E9CAC3E21408}.Debug|Any CPU.Build.0 = Debug|Any CPU
		{CFE714B2-E28E-4A45-863E-E9CAC3E21408}.Release|Any CPU.ActiveCfg = Release|Any CPU
		{CFE714B2-E28E-4A45-863E-E9CAC3E21408}.Release|Any CPU.Build.0 = Release|Any CPU
	EndGlobalSection
	GlobalSection(SolutionProperties) = preSolution
		HideSolutionNode = FALSE
	EndGlobalSection
	GlobalSection(ExtensibilityGlobals) = postSolution
		SolutionGuid = {D3147873-80DB-4763-86FF-011BFD4C788B}
	EndGlobalSection
EndGlobal
