
Microsoft Visual Studio Solution File, Format Version 12.00
# Visual Studio Version 17
VisualStudioVersion = 17.5.33502.453
MinimumVisualStudioVersion = 10.0.40219.1
Project("{FAE04EC0-301F-11D3-BF4B-00C04F79EFBC}") = "WinFormsReflectionClassLibrary", "WinFormsReflectionClassLibrary\WinFormsReflectionClassLibrary.csproj", "{A7521B7C-8C7A-4AC4-BE75-BB22F2286A0D}"
EndProject
Global
	GlobalSection(SolutionConfigurationPlatforms) = preSolution
		Debug|Any CPU = Debug|Any CPU
		Release|Any CPU = Release|Any CPU
	EndGlobalSection
	GlobalSection(ProjectConfigurationPlatforms) = postSolution
		{A7521B7C-8C7A-4AC4-BE75-BB22F2286A0D}.Debug|Any CPU.ActiveCfg = Debug|Any CPU
		{A7521B7C-8C7A-4AC4-BE75-BB22F2286A0D}.Debug|Any CPU.Build.0 = Debug|Any CPU
		{A7521B7C-8C7A-4AC4-BE75-BB22F2286A0D}.Release|Any CPU.ActiveCfg = Release|Any CPU
		{A7521B7C-8C7A-4AC4-BE75-BB22F2286A0D}.Release|Any CPU.Build.0 = Release|Any CPU
	EndGlobalSection
	GlobalSection(SolutionProperties) = preSolution
		HideSolutionNode = FALSE
	EndGlobalSection
	GlobalSection(ExtensibilityGlobals) = postSolution
		SolutionGuid = {DDC8F04E-B141-4020-A50A-22D38F36782A}
	EndGlobalSection
EndGlobal
